
Microsoft Visual Studio Solution File, Format Version 12.00
# Visual Studio 2013
VisualStudioVersion = 12.0.31101.0
MinimumVisualStudioVersion = 10.0.40219.1
Project("{FAE04EC0-301F-11D3-BF4B-00C04F79EFBC}") = "01.Intro", "TWPS\01.Intro.csproj", "{3BFFFEEA-A8CE-404B-8971-D035542DC908}"
EndProject
Project("{FAE04EC0-301F-11D3-BF4B-00C04F79EFBC}") = "02.MainLogic", "02.MainLogic\02.MainLogic.csproj", "{DD9FD6A1-63FC-4D80-BD16-5DA4ADDE6C70}"
EndProject
Project("{FAE04EC0-301F-11D3-BF4B-00C04F79EFBC}") = "03.EndShit", "03.EndShit\03.EndShit.csproj", "{3B35000E-B440-4816-AFCA-E84E977685C2}"
EndProject
Global
	GlobalSection(SolutionConfigurationPlatforms) = preSolution
		Debug|Any CPU = Debug|Any CPU
		Release|Any CPU = Release|Any CPU
	EndGlobalSection
	GlobalSection(ProjectConfigurationPlatforms) = postSolution
		{3BFFFEEA-A8CE-404B-8971-D035542DC908}.Debug|Any CPU.ActiveCfg = Debug|Any CPU
		{3BFFFEEA-A8CE-404B-8971-D035542DC908}.Debug|Any CPU.Build.0 = Debug|Any CPU
		{3BFFFEEA-A8CE-404B-8971-D035542DC908}.Release|Any CPU.ActiveCfg = Release|Any CPU
		{3BFFFEEA-A8CE-404B-8971-D035542DC908}.Release|Any CPU.Build.0 = Release|Any CPU
		{DD9FD6A1-63FC-4D80-BD16-5DA4ADDE6C70}.Debug|Any CPU.ActiveCfg = Debug|Any CPU
		{DD9FD6A1-63FC-4D80-BD16-5DA4ADDE6C70}.Debug|Any CPU.Build.0 = Debug|Any CPU
		{DD9FD6A1-63FC-4D80-BD16-5DA4ADDE6C70}.Release|Any CPU.ActiveCfg = Release|Any CPU
		{DD9FD6A1-63FC-4D80-BD16-5DA4ADDE6C70}.Release|Any CPU.Build.0 = Release|Any CPU
		{3B35000E-B440-4816-AFCA-E84E977685C2}.Debug|Any CPU.ActiveCfg = Debug|Any CPU
		{3B35000E-B440-4816-AFCA-E84E977685C2}.Debug|Any CPU.Build.0 = Debug|Any CPU
		{3B35000E-B440-4816-AFCA-E84E977685C2}.Release|Any CPU.ActiveCfg = Release|Any CPU
		{3B35000E-B440-4816-AFCA-E84E977685C2}.Release|Any CPU.Build.0 = Release|Any CPU
	EndGlobalSection
	GlobalSection(SolutionProperties) = preSolution
		HideSolutionNode = FALSE
	EndGlobalSection
EndGlobal
